// !$*UTF8*$!
{
	archiveVersion = 1;
	classes = {
	};
	objectVersion = 46;
	objects = {

/* Begin PBXBuildFile section */
		A2BEABF11C44E3E500ACF8FF /* FavoritesController.swift in Sources */ = {isa = PBXBuildFile; fileRef = A2BEABF01C44E3E500ACF8FF /* FavoritesController.swift */; };
		A2BEABF61C44E3E500ACF8FF /* Main.storyboard in Resources */ = {isa = PBXBuildFile; fileRef = A2BEABF41C44E3E500ACF8FF /* Main.storyboard */; };
		A2BEABF81C44E3E500ACF8FF /* Assets.xcassets in Resources */ = {isa = PBXBuildFile; fileRef = A2BEABF71C44E3E500ACF8FF /* Assets.xcassets */; };
		A2BEABFB1C44E3E500ACF8FF /* LaunchScreen.storyboard in Resources */ = {isa = PBXBuildFile; fileRef = A2BEABF91C44E3E500ACF8FF /* LaunchScreen.storyboard */; };
		A2BEAC061C44E3E500ACF8FF /* SimpleHomeControlTests.swift in Sources */ = {isa = PBXBuildFile; fileRef = A2BEAC051C44E3E500ACF8FF /* SimpleHomeControlTests.swift */; };
		A2BEAC111C44E3E500ACF8FF /* SimpleHomeControlUITests.swift in Sources */ = {isa = PBXBuildFile; fileRef = A2BEAC101C44E3E500ACF8FF /* SimpleHomeControlUITests.swift */; };
		A2BEAC201C44E5BA00ACF8FF /* Storage.xcdatamodeld in Sources */ = {isa = PBXBuildFile; fileRef = A2BEAC1E1C44E5BA00ACF8FF /* Storage.xcdatamodeld */; };
		A2BEAC251C44E66F00ACF8FF /* Actor+CoreDataProperties.swift in Sources */ = {isa = PBXBuildFile; fileRef = A2BEAC231C44E66F00ACF8FF /* Actor+CoreDataProperties.swift */; };
		A2BEAC261C44E66F00ACF8FF /* Actor.swift in Sources */ = {isa = PBXBuildFile; fileRef = A2BEAC241C44E66F00ACF8FF /* Actor.swift */; };
		A2BEAC291C44ED2100ACF8FF /* AppDelegate.swift in Sources */ = {isa = PBXBuildFile; fileRef = A2BEABEE1C44E3E500ACF8FF /* AppDelegate.swift */; };
		A2BEAC2B1C44ED6C00ACF8FF /* Settings.bundle in Resources */ = {isa = PBXBuildFile; fileRef = A2BEAC2A1C44ED6C00ACF8FF /* Settings.bundle */; };
		A2BEAC2D1C44F29B00ACF8FF /* ActorsController.swift in Sources */ = {isa = PBXBuildFile; fileRef = A2BEAC2C1C44F29B00ACF8FF /* ActorsController.swift */; };
		A2BEAC2F1C45168D00ACF8FF /* ActorCell.swift in Sources */ = {isa = PBXBuildFile; fileRef = A2BEAC2E1C45168D00ACF8FF /* ActorCell.swift */; };
		A2BEAC311C453CD300ACF8FF /* ActorDetailsController.swift in Sources */ = {isa = PBXBuildFile; fileRef = A2BEAC301C453CD300ACF8FF /* ActorDetailsController.swift */; };
		A2BEAC331C454D9600ACF8FF /* ControlCellController.swift in Sources */ = {isa = PBXBuildFile; fileRef = A2BEAC321C454D9600ACF8FF /* ControlCellController.swift */; };
/* End PBXBuildFile section */

/* Begin PBXContainerItemProxy section */
		A2BEAC021C44E3E500ACF8FF /* PBXContainerItemProxy */ = {
			isa = PBXContainerItemProxy;
			containerPortal = A2BEABE31C44E3E500ACF8FF /* Project object */;
			proxyType = 1;
			remoteGlobalIDString = A2BEABEA1C44E3E500ACF8FF;
			remoteInfo = SimpleHomeControl;
		};
		A2BEAC0D1C44E3E500ACF8FF /* PBXContainerItemProxy */ = {
			isa = PBXContainerItemProxy;
			containerPortal = A2BEABE31C44E3E500ACF8FF /* Project object */;
			proxyType = 1;
			remoteGlobalIDString = A2BEABEA1C44E3E500ACF8FF;
			remoteInfo = SimpleHomeControl;
		};
/* End PBXContainerItemProxy section */

/* Begin PBXFileReference section */
		A2BEABEB1C44E3E500ACF8FF /* SimpleHomeControl.app */ = {isa = PBXFileReference; explicitFileType = wrapper.application; includeInIndex = 0; path = SimpleHomeControl.app; sourceTree = BUILT_PRODUCTS_DIR; };
		A2BEABEE1C44E3E500ACF8FF /* AppDelegate.swift */ = {isa = PBXFileReference; lastKnownFileType = sourcecode.swift; path = AppDelegate.swift; sourceTree = "<group>"; };
		A2BEABF01C44E3E500ACF8FF /* FavoritesController.swift */ = {isa = PBXFileReference; lastKnownFileType = sourcecode.swift; path = FavoritesController.swift; sourceTree = "<group>"; };
		A2BEABF51C44E3E500ACF8FF /* Base */ = {isa = PBXFileReference; lastKnownFileType = file.storyboard; name = Base; path = Base.lproj/Main.storyboard; sourceTree = "<group>"; };
		A2BEABF71C44E3E500ACF8FF /* Assets.xcassets */ = {isa = PBXFileReference; lastKnownFileType = folder.assetcatalog; path = Assets.xcassets; sourceTree = "<group>"; };
		A2BEABFA1C44E3E500ACF8FF /* Base */ = {isa = PBXFileReference; lastKnownFileType = file.storyboard; name = Base; path = Base.lproj/LaunchScreen.storyboard; sourceTree = "<group>"; };
		A2BEABFC1C44E3E500ACF8FF /* Info.plist */ = {isa = PBXFileReference; lastKnownFileType = text.plist.xml; path = Info.plist; sourceTree = "<group>"; };
		A2BEAC011C44E3E500ACF8FF /* SimpleHomeControlTests.xctest */ = {isa = PBXFileReference; explicitFileType = wrapper.cfbundle; includeInIndex = 0; path = SimpleHomeControlTests.xctest; sourceTree = BUILT_PRODUCTS_DIR; };
		A2BEAC051C44E3E500ACF8FF /* SimpleHomeControlTests.swift */ = {isa = PBXFileReference; lastKnownFileType = sourcecode.swift; path = SimpleHomeControlTests.swift; sourceTree = "<group>"; };
		A2BEAC071C44E3E500ACF8FF /* Info.plist */ = {isa = PBXFileReference; lastKnownFileType = text.plist.xml; path = Info.plist; sourceTree = "<group>"; };
		A2BEAC0C1C44E3E500ACF8FF /* SimpleHomeControlUITests.xctest */ = {isa = PBXFileReference; explicitFileType = wrapper.cfbundle; includeInIndex = 0; path = SimpleHomeControlUITests.xctest; sourceTree = BUILT_PRODUCTS_DIR; };
		A2BEAC101C44E3E500ACF8FF /* SimpleHomeControlUITests.swift */ = {isa = PBXFileReference; lastKnownFileType = sourcecode.swift; path = SimpleHomeControlUITests.swift; sourceTree = "<group>"; };
		A2BEAC121C44E3E500ACF8FF /* Info.plist */ = {isa = PBXFileReference; lastKnownFileType = text.plist.xml; path = Info.plist; sourceTree = "<group>"; };
		A2BEAC1F1C44E5BA00ACF8FF /* Storage.xcdatamodel */ = {isa = PBXFileReference; lastKnownFileType = wrapper.xcdatamodel; path = Storage.xcdatamodel; sourceTree = "<group>"; };
		A2BEAC231C44E66F00ACF8FF /* Actor+CoreDataProperties.swift */ = {isa = PBXFileReference; fileEncoding = 4; lastKnownFileType = sourcecode.swift; path = "Actor+CoreDataProperties.swift"; sourceTree = "<group>"; };
		A2BEAC241C44E66F00ACF8FF /* Actor.swift */ = {isa = PBXFileReference; fileEncoding = 4; lastKnownFileType = sourcecode.swift; path = Actor.swift; sourceTree = "<group>"; };
		A2BEAC2A1C44ED6C00ACF8FF /* Settings.bundle */ = {isa = PBXFileReference; lastKnownFileType = "wrapper.plug-in"; path = Settings.bundle; sourceTree = "<group>"; };
		A2BEAC2C1C44F29B00ACF8FF /* ActorsController.swift */ = {isa = PBXFileReference; fileEncoding = 4; lastKnownFileType = sourcecode.swift; path = ActorsController.swift; sourceTree = "<group>"; };
		A2BEAC2E1C45168D00ACF8FF /* ActorCell.swift */ = {isa = PBXFileReference; fileEncoding = 4; lastKnownFileType = sourcecode.swift; path = ActorCell.swift; sourceTree = "<group>"; };
		A2BEAC301C453CD300ACF8FF /* ActorDetailsController.swift */ = {isa = PBXFileReference; fileEncoding = 4; lastKnownFileType = sourcecode.swift; path = ActorDetailsController.swift; sourceTree = "<group>"; };
		A2BEAC321C454D9600ACF8FF /* ControlCellController.swift */ = {isa = PBXFileReference; fileEncoding = 4; lastKnownFileType = sourcecode.swift; path = ControlCellController.swift; sourceTree = "<group>"; };
/* End PBXFileReference section */

/* Begin PBXFrameworksBuildPhase section */
		A2BEABE81C44E3E500ACF8FF /* Frameworks */ = {
			isa = PBXFrameworksBuildPhase;
			buildActionMask = 2147483647;
			files = (
			);
			runOnlyForDeploymentPostprocessing = 0;
		};
		A2BEABFE1C44E3E500ACF8FF /* Frameworks */ = {
			isa = PBXFrameworksBuildPhase;
			buildActionMask = 2147483647;
			files = (
			);
			runOnlyForDeploymentPostprocessing = 0;
		};
		A2BEAC091C44E3E500ACF8FF /* Frameworks */ = {
			isa = PBXFrameworksBuildPhase;
			buildActionMask = 2147483647;
			files = (
			);
			runOnlyForDeploymentPostprocessing = 0;
		};
/* End PBXFrameworksBuildPhase section */

/* Begin PBXGroup section */
		A2BEABE21C44E3E500ACF8FF = {
			isa = PBXGroup;
			children = (
				A2BEAC2A1C44ED6C00ACF8FF /* Settings.bundle */,
				A2BEAC231C44E66F00ACF8FF /* Actor+CoreDataProperties.swift */,
				A2BEAC241C44E66F00ACF8FF /* Actor.swift */,
				A2BEABED1C44E3E500ACF8FF /* SimpleHomeControl */,
				A2BEAC041C44E3E500ACF8FF /* SimpleHomeControlTests */,
				A2BEAC0F1C44E3E500ACF8FF /* SimpleHomeControlUITests */,
				A2BEABEC1C44E3E500ACF8FF /* Products */,
			);
			sourceTree = "<group>";
		};
		A2BEABEC1C44E3E500ACF8FF /* Products */ = {
			isa = PBXGroup;
			children = (
				A2BEABEB1C44E3E500ACF8FF /* SimpleHomeControl.app */,
				A2BEAC011C44E3E500ACF8FF /* SimpleHomeControlTests.xctest */,
				A2BEAC0C1C44E3E500ACF8FF /* SimpleHomeControlUITests.xctest */,
			);
			name = Products;
			sourceTree = "<group>";
		};
		A2BEABED1C44E3E500ACF8FF /* SimpleHomeControl */ = {
			isa = PBXGroup;
			children = (
				A2BEABEE1C44E3E500ACF8FF /* AppDelegate.swift */,
				A2BEAC1E1C44E5BA00ACF8FF /* Storage.xcdatamodeld */,
				A2BEABF01C44E3E500ACF8FF /* FavoritesController.swift */,
				A2BEABF41C44E3E500ACF8FF /* Main.storyboard */,
				A2BEABF71C44E3E500ACF8FF /* Assets.xcassets */,
				A2BEABF91C44E3E500ACF8FF /* LaunchScreen.storyboard */,
				A2BEABFC1C44E3E500ACF8FF /* Info.plist */,
				A2BEAC2C1C44F29B00ACF8FF /* ActorsController.swift */,
				A2BEAC2E1C45168D00ACF8FF /* ActorCell.swift */,
				A2BEAC301C453CD300ACF8FF /* ActorDetailsController.swift */,
				A2BEAC321C454D9600ACF8FF /* ControlCellController.swift */,
			);
			path = SimpleHomeControl;
			sourceTree = "<group>";
		};
		A2BEAC041C44E3E500ACF8FF /* SimpleHomeControlTests */ = {
			isa = PBXGroup;
			children = (
				A2BEAC051C44E3E500ACF8FF /* SimpleHomeControlTests.swift */,
				A2BEAC071C44E3E500ACF8FF /* Info.plist */,
			);
			path = SimpleHomeControlTests;
			sourceTree = "<group>";
		};
		A2BEAC0F1C44E3E500ACF8FF /* SimpleHomeControlUITests */ = {
			isa = PBXGroup;
			children = (
				A2BEAC101C44E3E500ACF8FF /* SimpleHomeControlUITests.swift */,
				A2BEAC121C44E3E500ACF8FF /* Info.plist */,
			);
			path = SimpleHomeControlUITests;
			sourceTree = "<group>";
		};
/* End PBXGroup section */

/* Begin PBXNativeTarget section */
		A2BEABEA1C44E3E500ACF8FF /* SimpleHomeControl */ = {
			isa = PBXNativeTarget;
			buildConfigurationList = A2BEAC151C44E3E500ACF8FF /* Build configuration list for PBXNativeTarget "SimpleHomeControl" */;
			buildPhases = (
				A2BEABE71C44E3E500ACF8FF /* Sources */,
				A2BEABE81C44E3E500ACF8FF /* Frameworks */,
				A2BEABE91C44E3E500ACF8FF /* Resources */,
			);
			buildRules = (
			);
			dependencies = (
			);
			name = SimpleHomeControl;
			productName = SimpleHomeControl;
			productReference = A2BEABEB1C44E3E500ACF8FF /* SimpleHomeControl.app */;
			productType = "com.apple.product-type.application";
		};
		A2BEAC001C44E3E500ACF8FF /* SimpleHomeControlTests */ = {
			isa = PBXNativeTarget;
			buildConfigurationList = A2BEAC181C44E3E500ACF8FF /* Build configuration list for PBXNativeTarget "SimpleHomeControlTests" */;
			buildPhases = (
				A2BEABFD1C44E3E500ACF8FF /* Sources */,
				A2BEABFE1C44E3E500ACF8FF /* Frameworks */,
				A2BEABFF1C44E3E500ACF8FF /* Resources */,
			);
			buildRules = (
			);
			dependencies = (
				A2BEAC031C44E3E500ACF8FF /* PBXTargetDependency */,
			);
			name = SimpleHomeControlTests;
			productName = SimpleHomeControlTests;
			productReference = A2BEAC011C44E3E500ACF8FF /* SimpleHomeControlTests.xctest */;
			productType = "com.apple.product-type.bundle.unit-test";
		};
		A2BEAC0B1C44E3E500ACF8FF /* SimpleHomeControlUITests */ = {
			isa = PBXNativeTarget;
			buildConfigurationList = A2BEAC1B1C44E3E500ACF8FF /* Build configuration list for PBXNativeTarget "SimpleHomeControlUITests" */;
			buildPhases = (
				A2BEAC081C44E3E500ACF8FF /* Sources */,
				A2BEAC091C44E3E500ACF8FF /* Frameworks */,
				A2BEAC0A1C44E3E500ACF8FF /* Resources */,
			);
			buildRules = (
			);
			dependencies = (
				A2BEAC0E1C44E3E500ACF8FF /* PBXTargetDependency */,
			);
			name = SimpleHomeControlUITests;
			productName = SimpleHomeControlUITests;
			productReference = A2BEAC0C1C44E3E500ACF8FF /* SimpleHomeControlUITests.xctest */;
			productType = "com.apple.product-type.bundle.ui-testing";
		};
/* End PBXNativeTarget section */

/* Begin PBXProject section */
		A2BEABE31C44E3E500ACF8FF /* Project object */ = {
			isa = PBXProject;
			attributes = {
				LastSwiftUpdateCheck = 0720;
				LastUpgradeCheck = 0720;
				ORGANIZATIONNAME = "Christoph Eicke";
				TargetAttributes = {
					A2BEABEA1C44E3E500ACF8FF = {
						CreatedOnToolsVersion = 7.2;
					};
					A2BEAC001C44E3E500ACF8FF = {
						CreatedOnToolsVersion = 7.2;
						TestTargetID = A2BEABEA1C44E3E500ACF8FF;
					};
					A2BEAC0B1C44E3E500ACF8FF = {
						CreatedOnToolsVersion = 7.2;
						TestTargetID = A2BEABEA1C44E3E500ACF8FF;
					};
				};
			};
			buildConfigurationList = A2BEABE61C44E3E500ACF8FF /* Build configuration list for PBXProject "SimpleHomeControl" */;
			compatibilityVersion = "Xcode 3.2";
			developmentRegion = English;
			hasScannedForEncodings = 0;
			knownRegions = (
				en,
				Base,
			);
			mainGroup = A2BEABE21C44E3E500ACF8FF;
			productRefGroup = A2BEABEC1C44E3E500ACF8FF /* Products */;
			projectDirPath = "";
			projectRoot = "";
			targets = (
				A2BEABEA1C44E3E500ACF8FF /* SimpleHomeControl */,
				A2BEAC001C44E3E500ACF8FF /* SimpleHomeControlTests */,
				A2BEAC0B1C44E3E500ACF8FF /* SimpleHomeControlUITests */,
			);
		};
/* End PBXProject section */

/* Begin PBXResourcesBuildPhase section */
		A2BEABE91C44E3E500ACF8FF /* Resources */ = {
			isa = PBXResourcesBuildPhase;
			buildActionMask = 2147483647;
			files = (
				A2BEAC2B1C44ED6C00ACF8FF /* Settings.bundle in Resources */,
				A2BEABFB1C44E3E500ACF8FF /* LaunchScreen.storyboard in Resources */,
				A2BEABF81C44E3E500ACF8FF /* Assets.xcassets in Resources */,
				A2BEABF61C44E3E500ACF8FF /* Main.storyboard in Resources */,
			);
			runOnlyForDeploymentPostprocessing = 0;
		};
		A2BEABFF1C44E3E500ACF8FF /* Resources */ = {
			isa = PBXResourcesBuildPhase;
			buildActionMask = 2147483647;
			files = (
			);
			runOnlyForDeploymentPostprocessing = 0;
		};
		A2BEAC0A1C44E3E500ACF8FF /* Resources */ = {
			isa = PBXResourcesBuildPhase;
			buildActionMask = 2147483647;
			files = (
			);
			runOnlyForDeploymentPostprocessing = 0;
		};
/* End PBXResourcesBuildPhase section */

/* Begin PBXSourcesBuildPhase section */
		A2BEABE71C44E3E500ACF8FF /* Sources */ = {
			isa = PBXSourcesBuildPhase;
			buildActionMask = 2147483647;
			files = (
				A2BEAC251C44E66F00ACF8FF /* Actor+CoreDataProperties.swift in Sources */,
				A2BEAC261C44E66F00ACF8FF /* Actor.swift in Sources */,
				A2BEAC311C453CD300ACF8FF /* ActorDetailsController.swift in Sources */,
				A2BEAC2F1C45168D00ACF8FF /* ActorCell.swift in Sources */,
				A2BEAC331C454D9600ACF8FF /* ControlCellController.swift in Sources */,
				A2BEAC291C44ED2100ACF8FF /* AppDelegate.swift in Sources */,
				A2BEAC201C44E5BA00ACF8FF /* Storage.xcdatamodeld in Sources */,
				A2BEABF11C44E3E500ACF8FF /* FavoritesController.swift in Sources */,
				A2BEAC2D1C44F29B00ACF8FF /* ActorsController.swift in Sources */,
			);
			runOnlyForDeploymentPostprocessing = 0;
		};
		A2BEABFD1C44E3E500ACF8FF /* Sources */ = {
			isa = PBXSourcesBuildPhase;
			buildActionMask = 2147483647;
			files = (
				A2BEAC061C44E3E500ACF8FF /* SimpleHomeControlTests.swift in Sources */,
			);
			runOnlyForDeploymentPostprocessing = 0;
		};
		A2BEAC081C44E3E500ACF8FF /* Sources */ = {
			isa = PBXSourcesBuildPhase;
			buildActionMask = 2147483647;
			files = (
				A2BEAC111C44E3E500ACF8FF /* SimpleHomeControlUITests.swift in Sources */,
			);
			runOnlyForDeploymentPostprocessing = 0;
		};
/* End PBXSourcesBuildPhase section */

/* Begin PBXTargetDependency section */
		A2BEAC031C44E3E500ACF8FF /* PBXTargetDependency */ = {
			isa = PBXTargetDependency;
			target = A2BEABEA1C44E3E500ACF8FF /* SimpleHomeControl */;
			targetProxy = A2BEAC021C44E3E500ACF8FF /* PBXContainerItemProxy */;
		};
		A2BEAC0E1C44E3E500ACF8FF /* PBXTargetDependency */ = {
			isa = PBXTargetDependency;
			target = A2BEABEA1C44E3E500ACF8FF /* SimpleHomeControl */;
			targetProxy = A2BEAC0D1C44E3E500ACF8FF /* PBXContainerItemProxy */;
		};
/* End PBXTargetDependency section */

/* Begin PBXVariantGroup section */
		A2BEABF41C44E3E500ACF8FF /* Main.storyboard */ = {
			isa = PBXVariantGroup;
			children = (
				A2BEABF51C44E3E500ACF8FF /* Base */,
			);
			name = Main.storyboard;
			sourceTree = "<group>";
		};
		A2BEABF91C44E3E500ACF8FF /* LaunchScreen.storyboard */ = {
			isa = PBXVariantGroup;
			children = (
				A2BEABFA1C44E3E500ACF8FF /* Base */,
			);
			name = LaunchScreen.storyboard;
			sourceTree = "<group>";
		};
/* End PBXVariantGroup section */

/* Begin XCBuildConfiguration section */
		A2BEAC131C44E3E500ACF8FF /* Debug */ = {
			isa = XCBuildConfiguration;
			buildSettings = {
				ALWAYS_SEARCH_USER_PATHS = NO;
				CLANG_CXX_LANGUAGE_STANDARD = "gnu++0x";
				CLANG_CXX_LIBRARY = "libc++";
				CLANG_ENABLE_MODULES = YES;
				CLANG_ENABLE_OBJC_ARC = YES;
				CLANG_WARN_BOOL_CONVERSION = YES;
				CLANG_WARN_CONSTANT_CONVERSION = YES;
				CLANG_WARN_DIRECT_OBJC_ISA_USAGE = YES_ERROR;
				CLANG_WARN_EMPTY_BODY = YES;
				CLANG_WARN_ENUM_CONVERSION = YES;
				CLANG_WARN_INT_CONVERSION = YES;
				CLANG_WARN_OBJC_ROOT_CLASS = YES_ERROR;
				CLANG_WARN_UNREACHABLE_CODE = YES;
				CLANG_WARN__DUPLICATE_METHOD_MATCH = YES;
				"CODE_SIGN_IDENTITY[sdk=iphoneos*]" = "iPhone Developer";
				COPY_PHASE_STRIP = NO;
				DEBUG_INFORMATION_FORMAT = dwarf;
				ENABLE_STRICT_OBJC_MSGSEND = YES;
				ENABLE_TESTABILITY = YES;
				GCC_C_LANGUAGE_STANDARD = gnu99;
				GCC_DYNAMIC_NO_PIC = NO;
				GCC_NO_COMMON_BLOCKS = YES;
				GCC_OPTIMIZATION_LEVEL = 0;
				GCC_PREPROCESSOR_DEFINITIONS = (
					"DEBUG=1",
					"$(inherited)",
				);
				GCC_WARN_64_TO_32_BIT_CONVERSION = YES;
				GCC_WARN_ABOUT_RETURN_TYPE = YES_ERROR;
				GCC_WARN_UNDECLARED_SELECTOR = YES;
				GCC_WARN_UNINITIALIZED_AUTOS = YES_AGGRESSIVE;
				GCC_WARN_UNUSED_FUNCTION = YES;
				GCC_WARN_UNUSED_VARIABLE = YES;
				IPHONEOS_DEPLOYMENT_TARGET = 9.2;
				MTL_ENABLE_DEBUG_INFO = YES;
				ONLY_ACTIVE_ARCH = YES;
				SDKROOT = iphoneos;
				SWIFT_OPTIMIZATION_LEVEL = "-Onone";
			};
			name = Debug;
		};
		A2BEAC141C44E3E500ACF8FF /* Release */ = {
			isa = XCBuildConfiguration;
			buildSettings = {
				ALWAYS_SEARCH_USER_PATHS = NO;
				CLANG_CXX_LANGUAGE_STANDARD = "gnu++0x";
				CLANG_CXX_LIBRARY = "libc++";
				CLANG_ENABLE_MODULES = YES;
				CLANG_ENABLE_OBJC_ARC = YES;
				CLANG_WARN_BOOL_CONVERSION = YES;
				CLANG_WARN_CONSTANT_CONVERSION = YES;
				CLANG_WARN_DIRECT_OBJC_ISA_USAGE = YES_ERROR;
				CLANG_WARN_EMPTY_BODY = YES;
				CLANG_WARN_ENUM_CONVERSION = YES;
				CLANG_WARN_INT_CONVERSION = YES;
				CLANG_WARN_OBJC_ROOT_CLASS = YES_ERROR;
				CLANG_WARN_UNREACHABLE_CODE = YES;
				CLANG_WARN__DUPLICATE_METHOD_MATCH = YES;
				"CODE_SIGN_IDENTITY[sdk=iphoneos*]" = "iPhone Developer";
				COPY_PHASE_STRIP = NO;
				DEBUG_INFORMATION_FORMAT = "dwarf-with-dsym";
				ENABLE_NS_ASSERTIONS = NO;
				ENABLE_STRICT_OBJC_MSGSEND = YES;
				GCC_C_LANGUAGE_STANDARD = gnu99;
				GCC_NO_COMMON_BLOCKS = YES;
				GCC_WARN_64_TO_32_BIT_CONVERSION = YES;
				GCC_WARN_ABOUT_RETURN_TYPE = YES_ERROR;
				GCC_WARN_UNDECLARED_SELECTOR = YES;
				GCC_WARN_UNINITIALIZED_AUTOS = YES_AGGRESSIVE;
				GCC_WARN_UNUSED_FUNCTION = YES;
				GCC_WARN_UNUSED_VARIABLE = YES;
				IPHONEOS_DEPLOYMENT_TARGET = 9.2;
				MTL_ENABLE_DEBUG_INFO = NO;
				SDKROOT = iphoneos;
				VALIDATE_PRODUCT = YES;
			};
			name = Release;
		};
		A2BEAC161C44E3E500ACF8FF /* Debug */ = {
			isa = XCBuildConfiguration;
			buildSettings = {
				ASSETCATALOG_COMPILER_APPICON_NAME = AppIcon;
				INFOPLIST_FILE = SimpleHomeControl/Info.plist;
				LD_RUNPATH_SEARCH_PATHS = "$(inherited) @executable_path/Frameworks";
				PRODUCT_BUNDLE_IDENTIFIER = org.geisterstunde.SimpleHomeControl;
				PRODUCT_NAME = "$(TARGET_NAME)";
			};
			name = Debug;
		};
		A2BEAC171C44E3E500ACF8FF /* Release */ = {
			isa = XCBuildConfiguration;
			buildSettings = {
				ASSETCATALOG_COMPILER_APPICON_NAME = AppIcon;
				INFOPLIST_FILE = SimpleHomeControl/Info.plist;
				LD_RUNPATH_SEARCH_PATHS = "$(inherited) @executable_path/Frameworks";
				PRODUCT_BUNDLE_IDENTIFIER = org.geisterstunde.SimpleHomeControl;
				PRODUCT_NAME = "$(TARGET_NAME)";
			};
			name = Release;
		};
		A2BEAC191C44E3E500ACF8FF /* Debug */ = {
			isa = XCBuildConfiguration;
			buildSettings = {
				BUNDLE_LOADER = "$(TEST_HOST)";
				INFOPLIST_FILE = SimpleHomeControlTests/Info.plist;
				LD_RUNPATH_SEARCH_PATHS = "$(inherited) @executable_path/Frameworks @loader_path/Frameworks";
				PRODUCT_BUNDLE_IDENTIFIER = org.geisterstunde.SimpleHomeControlTests;
				PRODUCT_NAME = "$(TARGET_NAME)";
				TEST_HOST = "$(BUILT_PRODUCTS_DIR)/SimpleHomeControl.app/SimpleHomeControl";
			};
			name = Debug;
		};
		A2BEAC1A1C44E3E500ACF8FF /* Release */ = {
			isa = XCBuildConfiguration;
			buildSettings = {
				BUNDLE_LOADER = "$(TEST_HOST)";
				INFOPLIST_FILE = SimpleHomeControlTests/Info.plist;
				LD_RUNPATH_SEARCH_PATHS = "$(inherited) @executable_path/Frameworks @loader_path/Frameworks";
				PRODUCT_BUNDLE_IDENTIFIER = org.geisterstunde.SimpleHomeControlTests;
				PRODUCT_NAME = "$(TARGET_NAME)";
				TEST_HOST = "$(BUILT_PRODUCTS_DIR)/SimpleHomeControl.app/SimpleHomeControl";
			};
			name = Release;
		};
		A2BEAC1C1C44E3E500ACF8FF /* Debug */ = {
			isa = XCBuildConfiguration;
			buildSettings = {
				INFOPLIST_FILE = SimpleHomeControlUITests/Info.plist;
				LD_RUNPATH_SEARCH_PATHS = "$(inherited) @executable_path/Frameworks @loader_path/Frameworks";
				PRODUCT_BUNDLE_IDENTIFIER = org.geisterstunde.SimpleHomeControlUITests;
				PRODUCT_NAME = "$(TARGET_NAME)";
				TEST_TARGET_NAME = SimpleHomeControl;
				USES_XCTRUNNER = YES;
			};
			name = Debug;
		};
		A2BEAC1D1C44E3E500ACF8FF /* Release */ = {
			isa = XCBuildConfiguration;
			buildSettings = {
				INFOPLIST_FILE = SimpleHomeControlUITests/Info.plist;
				LD_RUNPATH_SEARCH_PATHS = "$(inherited) @executable_path/Frameworks @loader_path/Frameworks";
				PRODUCT_BUNDLE_IDENTIFIER = org.geisterstunde.SimpleHomeControlUITests;
				PRODUCT_NAME = "$(TARGET_NAME)";
				TEST_TARGET_NAME = SimpleHomeControl;
				USES_XCTRUNNER = YES;
			};
			name = Release;
		};
/* End XCBuildConfiguration section */

/* Begin XCConfigurationList section */
		A2BEABE61C44E3E500ACF8FF /* Build configuration list for PBXProject "SimpleHomeControl" */ = {
			isa = XCConfigurationList;
			buildConfigurations = (
				A2BEAC131C44E3E500ACF8FF /* Debug */,
				A2BEAC141C44E3E500ACF8FF /* Release */,
			);
			defaultConfigurationIsVisible = 0;
			defaultConfigurationName = Release;
		};
		A2BEAC151C44E3E500ACF8FF /* Build configuration list for PBXNativeTarget "SimpleHomeControl" */ = {
			isa = XCConfigurationList;
			buildConfigurations = (
				A2BEAC161C44E3E500ACF8FF /* Debug */,
				A2BEAC171C44E3E500ACF8FF /* Release */,
			);
			defaultConfigurationIsVisible = 0;
		};
		A2BEAC181C44E3E500ACF8FF /* Build configuration list for PBXNativeTarget "SimpleHomeControlTests" */ = {
			isa = XCConfigurationList;
			buildConfigurations = (
				A2BEAC191C44E3E500ACF8FF /* Debug */,
				A2BEAC1A1C44E3E500ACF8FF /* Release */,
			);
			defaultConfigurationIsVisible = 0;
		};
		A2BEAC1B1C44E3E500ACF8FF /* Build configuration list for PBXNativeTarget "SimpleHomeControlUITests" */ = {
			isa = XCConfigurationList;
			buildConfigurations = (
				A2BEAC1C1C44E3E500ACF8FF /* Debug */,
				A2BEAC1D1C44E3E500ACF8FF /* Release */,
			);
			defaultConfigurationIsVisible = 0;
		};
/* End XCConfigurationList section */

/* Begin XCVersionGroup section */
		A2BEAC1E1C44E5BA00ACF8FF /* Storage.xcdatamodeld */ = {
			isa = XCVersionGroup;
			children = (
				A2BEAC1F1C44E5BA00ACF8FF /* Storage.xcdatamodel */,
			);
			currentVersion = A2BEAC1F1C44E5BA00ACF8FF /* Storage.xcdatamodel */;
			path = Storage.xcdatamodeld;
			sourceTree = "<group>";
			versionGroupType = wrapper.xcdatamodel;
		};
/* End XCVersionGroup section */
	};
	rootObject = A2BEABE31C44E3E500ACF8FF /* Project object */;
}
